
Microsoft Visual Studio Solution File, Format Version 12.00
# Visual Studio Version 17
VisualStudioVersion = 17.5.33627.172
MinimumVisualStudioVersion = 10.0.40219.1
Project("{FAE04EC0-301F-11D3-BF4B-00C04F79EFBC}") = "NullConditionalOperator", "NullConditionalOperator.csproj", "{D839E9A5-CB74-4EE9-BC64-877294FF5695}"
EndProject
Global
	GlobalSection(SolutionConfigurationPlatforms) = preSolution
		Debug|Any CPU = Debug|Any CPU
		Release|Any CPU = Release|Any CPU
	EndGlobalSection
	GlobalSection(ProjectConfigurationPlatforms) = postSolution
		{D839E9A5-CB74-4EE9-BC64-877294FF5695}.Debug|Any CPU.ActiveCfg = Debug|Any CPU
		{D839E9A5-CB74-4EE9-BC64-877294FF5695}.Debug|Any CPU.Build.0 = Debug|Any CPU
		{D839E9A5-CB74-4EE9-BC64-877294FF5695}.Release|Any CPU.ActiveCfg = Release|Any CPU
		{D839E9A5-CB74-4EE9-BC64-877294FF5695}.Release|Any CPU.Build.0 = Release|Any CPU
	EndGlobalSection
	GlobalSection(SolutionProperties) = preSolution
		HideSolutionNode = FALSE
	EndGlobalSection
	GlobalSection(ExtensibilityGlobals) = postSolution
		SolutionGuid = {91CB193A-39A9-4C93-988A-953C91A70603}
	EndGlobalSection
EndGlobal
