
Microsoft Visual Studio Solution File, Format Version 12.00
# Visual Studio Version 17
VisualStudioVersion = 17.5.33627.172
MinimumVisualStudioVersion = 10.0.40219.1
Project("{FAE04EC0-301F-11D3-BF4B-00C04F79EFBC}") = "연습문제", "연습문제.csproj", "{8AAB7F09-8035-443C-9682-45E966B625AA}"
EndProject
Global
	GlobalSection(SolutionConfigurationPlatforms) = preSolution
		Debug|Any CPU = Debug|Any CPU
		Release|Any CPU = Release|Any CPU
	EndGlobalSection
	GlobalSection(ProjectConfigurationPlatforms) = postSolution
		{8AAB7F09-8035-443C-9682-45E966B625AA}.Debug|Any CPU.ActiveCfg = Debug|Any CPU
		{8AAB7F09-8035-443C-9682-45E966B625AA}.Debug|Any CPU.Build.0 = Debug|Any CPU
		{8AAB7F09-8035-443C-9682-45E966B625AA}.Release|Any CPU.ActiveCfg = Release|Any CPU
		{8AAB7F09-8035-443C-9682-45E966B625AA}.Release|Any CPU.Build.0 = Release|Any CPU
	EndGlobalSection
	GlobalSection(SolutionProperties) = preSolution
		HideSolutionNode = FALSE
	EndGlobalSection
	GlobalSection(ExtensibilityGlobals) = postSolution
		SolutionGuid = {1CFD1488-67F6-4BA1-A86F-326BCD14B376}
	EndGlobalSection
EndGlobal
