
Microsoft Visual Studio Solution File, Format Version 12.00
# Visual Studio Version 17
VisualStudioVersion = 17.5.33627.172
MinimumVisualStudioVersion = 10.0.40219.1
Project("{FAE04EC0-301F-11D3-BF4B-00C04F79EFBC}") = "StringNumberConversion", "StringNumberConversion.csproj", "{6891D58E-9D91-4AA4-BED5-307D28B1C6EC}"
EndProject
Global
	GlobalSection(SolutionConfigurationPlatforms) = preSolution
		Debug|Any CPU = Debug|Any CPU
		Release|Any CPU = Release|Any CPU
	EndGlobalSection
	GlobalSection(ProjectConfigurationPlatforms) = postSolution
		{6891D58E-9D91-4AA4-BED5-307D28B1C6EC}.Debug|Any CPU.ActiveCfg = Debug|Any CPU
		{6891D58E-9D91-4AA4-BED5-307D28B1C6EC}.Debug|Any CPU.Build.0 = Debug|Any CPU
		{6891D58E-9D91-4AA4-BED5-307D28B1C6EC}.Release|Any CPU.ActiveCfg = Release|Any CPU
		{6891D58E-9D91-4AA4-BED5-307D28B1C6EC}.Release|Any CPU.Build.0 = Release|Any CPU
	EndGlobalSection
	GlobalSection(SolutionProperties) = preSolution
		HideSolutionNode = FALSE
	EndGlobalSection
	GlobalSection(ExtensibilityGlobals) = postSolution
		SolutionGuid = {B3808974-DF59-4A97-942B-282968E78B15}
	EndGlobalSection
EndGlobal
