
Microsoft Visual Studio Solution File, Format Version 12.00
# Visual Studio Version 17
VisualStudioVersion = 17.5.33627.172
MinimumVisualStudioVersion = 10.0.40219.1
Project("{FAE04EC0-301F-11D3-BF4B-00C04F79EFBC}") = "TryCatch", "TryCatch.csproj", "{043699D1-7B4F-4A18-A18C-6A16C055AA02}"
EndProject
Global
	GlobalSection(SolutionConfigurationPlatforms) = preSolution
		Debug|Any CPU = Debug|Any CPU
		Release|Any CPU = Release|Any CPU
	EndGlobalSection
	GlobalSection(ProjectConfigurationPlatforms) = postSolution
		{043699D1-7B4F-4A18-A18C-6A16C055AA02}.Debug|Any CPU.ActiveCfg = Debug|Any CPU
		{043699D1-7B4F-4A18-A18C-6A16C055AA02}.Debug|Any CPU.Build.0 = Debug|Any CPU
		{043699D1-7B4F-4A18-A18C-6A16C055AA02}.Release|Any CPU.ActiveCfg = Release|Any CPU
		{043699D1-7B4F-4A18-A18C-6A16C055AA02}.Release|Any CPU.Build.0 = Release|Any CPU
	EndGlobalSection
	GlobalSection(SolutionProperties) = preSolution
		HideSolutionNode = FALSE
	EndGlobalSection
	GlobalSection(ExtensibilityGlobals) = postSolution
		SolutionGuid = {4FB5E540-BF2B-41E4-894D-5F01DF2B6C7A}
	EndGlobalSection
EndGlobal
