
Microsoft Visual Studio Solution File, Format Version 12.00
# Visual Studio Version 17
VisualStudioVersion = 17.5.33627.172
MinimumVisualStudioVersion = 10.0.40219.1
Project("{FAE04EC0-301F-11D3-BF4B-00C04F79EFBC}") = "DynamicInstance", "DynamicInstance.csproj", "{2F320FED-D190-499B-9E82-20FFF69A5BDF}"
EndProject
Global
	GlobalSection(SolutionConfigurationPlatforms) = preSolution
		Debug|Any CPU = Debug|Any CPU
		Release|Any CPU = Release|Any CPU
	EndGlobalSection
	GlobalSection(ProjectConfigurationPlatforms) = postSolution
		{2F320FED-D190-499B-9E82-20FFF69A5BDF}.Debug|Any CPU.ActiveCfg = Debug|Any CPU
		{2F320FED-D190-499B-9E82-20FFF69A5BDF}.Debug|Any CPU.Build.0 = Debug|Any CPU
		{2F320FED-D190-499B-9E82-20FFF69A5BDF}.Release|Any CPU.ActiveCfg = Release|Any CPU
		{2F320FED-D190-499B-9E82-20FFF69A5BDF}.Release|Any CPU.Build.0 = Release|Any CPU
	EndGlobalSection
	GlobalSection(SolutionProperties) = preSolution
		HideSolutionNode = FALSE
	EndGlobalSection
	GlobalSection(ExtensibilityGlobals) = postSolution
		SolutionGuid = {56DFABD4-5BC0-4F76-AE5F-7778CBA31B77}
	EndGlobalSection
EndGlobal
