
Microsoft Visual Studio Solution File, Format Version 12.00
# Visual Studio Version 17
VisualStudioVersion = 17.5.33627.172
MinimumVisualStudioVersion = 10.0.40219.1
Project("{FAE04EC0-301F-11D3-BF4B-00C04F79EFBC}") = "SealedMethod", "SealedMethod.csproj", "{160C5581-B908-458E-BD49-B4F4AD738AF6}"
EndProject
Global
	GlobalSection(SolutionConfigurationPlatforms) = preSolution
		Debug|Any CPU = Debug|Any CPU
		Release|Any CPU = Release|Any CPU
	EndGlobalSection
	GlobalSection(ProjectConfigurationPlatforms) = postSolution
		{160C5581-B908-458E-BD49-B4F4AD738AF6}.Debug|Any CPU.ActiveCfg = Debug|Any CPU
		{160C5581-B908-458E-BD49-B4F4AD738AF6}.Debug|Any CPU.Build.0 = Debug|Any CPU
		{160C5581-B908-458E-BD49-B4F4AD738AF6}.Release|Any CPU.ActiveCfg = Release|Any CPU
		{160C5581-B908-458E-BD49-B4F4AD738AF6}.Release|Any CPU.Build.0 = Release|Any CPU
	EndGlobalSection
	GlobalSection(SolutionProperties) = preSolution
		HideSolutionNode = FALSE
	EndGlobalSection
	GlobalSection(ExtensibilityGlobals) = postSolution
		SolutionGuid = {20F5A46E-ECB7-4ADB-BE4E-29256DE7F499}
	EndGlobalSection
EndGlobal
