
Microsoft Visual Studio Solution File, Format Version 12.00
# Visual Studio Version 17
VisualStudioVersion = 17.5.33627.172
MinimumVisualStudioVersion = 10.0.40219.1
Project("{FAE04EC0-301F-11D3-BF4B-00C04F79EFBC}") = "PropertiesInAbstractClass", "PropertiesInAbstractClass.csproj", "{47FE3F44-B225-440E-8FFA-F4C8DAADB32D}"
EndProject
Global
	GlobalSection(SolutionConfigurationPlatforms) = preSolution
		Debug|Any CPU = Debug|Any CPU
		Release|Any CPU = Release|Any CPU
	EndGlobalSection
	GlobalSection(ProjectConfigurationPlatforms) = postSolution
		{47FE3F44-B225-440E-8FFA-F4C8DAADB32D}.Debug|Any CPU.ActiveCfg = Debug|Any CPU
		{47FE3F44-B225-440E-8FFA-F4C8DAADB32D}.Debug|Any CPU.Build.0 = Debug|Any CPU
		{47FE3F44-B225-440E-8FFA-F4C8DAADB32D}.Release|Any CPU.ActiveCfg = Release|Any CPU
		{47FE3F44-B225-440E-8FFA-F4C8DAADB32D}.Release|Any CPU.Build.0 = Release|Any CPU
	EndGlobalSection
	GlobalSection(SolutionProperties) = preSolution
		HideSolutionNode = FALSE
	EndGlobalSection
	GlobalSection(ExtensibilityGlobals) = postSolution
		SolutionGuid = {7D64EF8A-AE02-447C-A942-208BCEACE270}
	EndGlobalSection
EndGlobal
