
Microsoft Visual Studio Solution File, Format Version 12.00
# Visual Studio Version 17
VisualStudioVersion = 17.5.33627.172
MinimumVisualStudioVersion = 10.0.40219.1
Project("{FAE04EC0-301F-11D3-BF4B-00C04F79EFBC}") = "NestedClass", "NestedClass.csproj", "{E16A2E45-3246-42C4-B830-FB48E8A5FB24}"
EndProject
Global
	GlobalSection(SolutionConfigurationPlatforms) = preSolution
		Debug|Any CPU = Debug|Any CPU
		Release|Any CPU = Release|Any CPU
	EndGlobalSection
	GlobalSection(ProjectConfigurationPlatforms) = postSolution
		{E16A2E45-3246-42C4-B830-FB48E8A5FB24}.Debug|Any CPU.ActiveCfg = Debug|Any CPU
		{E16A2E45-3246-42C4-B830-FB48E8A5FB24}.Debug|Any CPU.Build.0 = Debug|Any CPU
		{E16A2E45-3246-42C4-B830-FB48E8A5FB24}.Release|Any CPU.ActiveCfg = Release|Any CPU
		{E16A2E45-3246-42C4-B830-FB48E8A5FB24}.Release|Any CPU.Build.0 = Release|Any CPU
	EndGlobalSection
	GlobalSection(SolutionProperties) = preSolution
		HideSolutionNode = FALSE
	EndGlobalSection
	GlobalSection(ExtensibilityGlobals) = postSolution
		SolutionGuid = {76DF0F5A-5AD5-40F9-93CE-28A80E8DEF5E}
	EndGlobalSection
EndGlobal
