
Microsoft Visual Studio Solution File, Format Version 12.00
# Visual Studio Version 17
VisualStudioVersion = 17.5.33627.172
MinimumVisualStudioVersion = 10.0.40219.1
Project("{FAE04EC0-301F-11D3-BF4B-00C04F79EFBC}") = "ConstructorWithProperty", "ConstructorWithProperty.csproj", "{BDB258D5-545E-4457-A360-14660066CC96}"
EndProject
Global
	GlobalSection(SolutionConfigurationPlatforms) = preSolution
		Debug|Any CPU = Debug|Any CPU
		Release|Any CPU = Release|Any CPU
	EndGlobalSection
	GlobalSection(ProjectConfigurationPlatforms) = postSolution
		{BDB258D5-545E-4457-A360-14660066CC96}.Debug|Any CPU.ActiveCfg = Debug|Any CPU
		{BDB258D5-545E-4457-A360-14660066CC96}.Debug|Any CPU.Build.0 = Debug|Any CPU
		{BDB258D5-545E-4457-A360-14660066CC96}.Release|Any CPU.ActiveCfg = Release|Any CPU
		{BDB258D5-545E-4457-A360-14660066CC96}.Release|Any CPU.Build.0 = Release|Any CPU
	EndGlobalSection
	GlobalSection(SolutionProperties) = preSolution
		HideSolutionNode = FALSE
	EndGlobalSection
	GlobalSection(ExtensibilityGlobals) = postSolution
		SolutionGuid = {6FD9402C-E90D-4506-ADB1-E923C0B118F4}
	EndGlobalSection
EndGlobal
