
Microsoft Visual Studio Solution File, Format Version 12.00
# Visual Studio Version 17
VisualStudioVersion = 17.5.33627.172
MinimumVisualStudioVersion = 10.0.40219.1
Project("{FAE04EC0-301F-11D3-BF4B-00C04F79EFBC}") = "DeepCopy", "DeepCopy.csproj", "{A54D1276-B202-45AD-BF1C-8A5018E7230B}"
EndProject
Global
	GlobalSection(SolutionConfigurationPlatforms) = preSolution
		Debug|Any CPU = Debug|Any CPU
		Release|Any CPU = Release|Any CPU
	EndGlobalSection
	GlobalSection(ProjectConfigurationPlatforms) = postSolution
		{A54D1276-B202-45AD-BF1C-8A5018E7230B}.Debug|Any CPU.ActiveCfg = Debug|Any CPU
		{A54D1276-B202-45AD-BF1C-8A5018E7230B}.Debug|Any CPU.Build.0 = Debug|Any CPU
		{A54D1276-B202-45AD-BF1C-8A5018E7230B}.Release|Any CPU.ActiveCfg = Release|Any CPU
		{A54D1276-B202-45AD-BF1C-8A5018E7230B}.Release|Any CPU.Build.0 = Release|Any CPU
	EndGlobalSection
	GlobalSection(SolutionProperties) = preSolution
		HideSolutionNode = FALSE
	EndGlobalSection
	GlobalSection(ExtensibilityGlobals) = postSolution
		SolutionGuid = {F96BD275-D5E5-4254-92FF-6DDE3DEF50FC}
	EndGlobalSection
EndGlobal
