
Microsoft Visual Studio Solution File, Format Version 12.00
# Visual Studio Version 17
VisualStudioVersion = 17.5.33627.172
MinimumVisualStudioVersion = 10.0.40219.1
Project("{FAE04EC0-301F-11D3-BF4B-00C04F79EFBC}") = "EnumerableGeneric", "EnumerableGeneric.csproj", "{B85B2E92-0201-4C4E-B13F-66B215ABCD66}"
EndProject
Global
	GlobalSection(SolutionConfigurationPlatforms) = preSolution
		Debug|Any CPU = Debug|Any CPU
		Release|Any CPU = Release|Any CPU
	EndGlobalSection
	GlobalSection(ProjectConfigurationPlatforms) = postSolution
		{B85B2E92-0201-4C4E-B13F-66B215ABCD66}.Debug|Any CPU.ActiveCfg = Debug|Any CPU
		{B85B2E92-0201-4C4E-B13F-66B215ABCD66}.Debug|Any CPU.Build.0 = Debug|Any CPU
		{B85B2E92-0201-4C4E-B13F-66B215ABCD66}.Release|Any CPU.ActiveCfg = Release|Any CPU
		{B85B2E92-0201-4C4E-B13F-66B215ABCD66}.Release|Any CPU.Build.0 = Release|Any CPU
	EndGlobalSection
	GlobalSection(SolutionProperties) = preSolution
		HideSolutionNode = FALSE
	EndGlobalSection
	GlobalSection(ExtensibilityGlobals) = postSolution
		SolutionGuid = {55B144EF-4B6A-44B4-ADE8-453D7934E3E2}
	EndGlobalSection
EndGlobal
