
Microsoft Visual Studio Solution File, Format Version 12.00
# Visual Studio Version 17
VisualStudioVersion = 17.5.33627.172
MinimumVisualStudioVersion = 10.0.40219.1
Project("{FAE04EC0-301F-11D3-BF4B-00C04F79EFBC}") = "DerivedFromArray", "DerivedFromArray.csproj", "{25666D3D-363C-4EC7-B3FC-59494EC6BCAC}"
EndProject
Global
	GlobalSection(SolutionConfigurationPlatforms) = preSolution
		Debug|Any CPU = Debug|Any CPU
		Release|Any CPU = Release|Any CPU
	EndGlobalSection
	GlobalSection(ProjectConfigurationPlatforms) = postSolution
		{25666D3D-363C-4EC7-B3FC-59494EC6BCAC}.Debug|Any CPU.ActiveCfg = Debug|Any CPU
		{25666D3D-363C-4EC7-B3FC-59494EC6BCAC}.Debug|Any CPU.Build.0 = Debug|Any CPU
		{25666D3D-363C-4EC7-B3FC-59494EC6BCAC}.Release|Any CPU.ActiveCfg = Release|Any CPU
		{25666D3D-363C-4EC7-B3FC-59494EC6BCAC}.Release|Any CPU.Build.0 = Release|Any CPU
	EndGlobalSection
	GlobalSection(SolutionProperties) = preSolution
		HideSolutionNode = FALSE
	EndGlobalSection
	GlobalSection(ExtensibilityGlobals) = postSolution
		SolutionGuid = {BB455D5F-0267-46E7-B84D-09142C544D8C}
	EndGlobalSection
EndGlobal
