
Microsoft Visual Studio Solution File, Format Version 12.00
# Visual Studio Version 17
VisualStudioVersion = 17.5.33627.172
MinimumVisualStudioVersion = 10.0.40219.1
Project("{FAE04EC0-301F-11D3-BF4B-00C04F79EFBC}") = "ConditionalOperator", "ConditionalOperator.csproj", "{D9D313E8-2172-46E6-AFAE-D69B11C33A8B}"
EndProject
Global
	GlobalSection(SolutionConfigurationPlatforms) = preSolution
		Debug|Any CPU = Debug|Any CPU
		Release|Any CPU = Release|Any CPU
	EndGlobalSection
	GlobalSection(ProjectConfigurationPlatforms) = postSolution
		{D9D313E8-2172-46E6-AFAE-D69B11C33A8B}.Debug|Any CPU.ActiveCfg = Debug|Any CPU
		{D9D313E8-2172-46E6-AFAE-D69B11C33A8B}.Debug|Any CPU.Build.0 = Debug|Any CPU
		{D9D313E8-2172-46E6-AFAE-D69B11C33A8B}.Release|Any CPU.ActiveCfg = Release|Any CPU
		{D9D313E8-2172-46E6-AFAE-D69B11C33A8B}.Release|Any CPU.Build.0 = Release|Any CPU
	EndGlobalSection
	GlobalSection(SolutionProperties) = preSolution
		HideSolutionNode = FALSE
	EndGlobalSection
	GlobalSection(ExtensibilityGlobals) = postSolution
		SolutionGuid = {89CDF5C2-9DA0-48B0-BD7A-03B532D862EC}
	EndGlobalSection
EndGlobal
