
Microsoft Visual Studio Solution File, Format Version 12.00
# Visual Studio Version 17
VisualStudioVersion = 17.5.33627.172
MinimumVisualStudioVersion = 10.0.40219.1
Project("{FAE04EC0-301F-11D3-BF4B-00C04F79EFBC}") = "SimpleLinq", "SimpleLinq.csproj", "{0CACD88C-799D-4D6E-9F5E-3E50363EB77B}"
EndProject
Global
	GlobalSection(SolutionConfigurationPlatforms) = preSolution
		Debug|Any CPU = Debug|Any CPU
		Release|Any CPU = Release|Any CPU
	EndGlobalSection
	GlobalSection(ProjectConfigurationPlatforms) = postSolution
		{0CACD88C-799D-4D6E-9F5E-3E50363EB77B}.Debug|Any CPU.ActiveCfg = Debug|Any CPU
		{0CACD88C-799D-4D6E-9F5E-3E50363EB77B}.Debug|Any CPU.Build.0 = Debug|Any CPU
		{0CACD88C-799D-4D6E-9F5E-3E50363EB77B}.Release|Any CPU.ActiveCfg = Release|Any CPU
		{0CACD88C-799D-4D6E-9F5E-3E50363EB77B}.Release|Any CPU.Build.0 = Release|Any CPU
	EndGlobalSection
	GlobalSection(SolutionProperties) = preSolution
		HideSolutionNode = FALSE
	EndGlobalSection
	GlobalSection(ExtensibilityGlobals) = postSolution
		SolutionGuid = {288AD2D5-79B9-4BFA-AD04-8207ADCEA5E3}
	EndGlobalSection
EndGlobal
