
Microsoft Visual Studio Solution File, Format Version 12.00
# Visual Studio Version 17
VisualStudioVersion = 17.5.33627.172
MinimumVisualStudioVersion = 10.0.40219.1
Project("{FAE04EC0-301F-11D3-BF4B-00C04F79EFBC}") = "AbstractClass", "AbstractClass.csproj", "{8AFF3110-A2A9-4F97-BD09-C54CF4B39F8E}"
EndProject
Global
	GlobalSection(SolutionConfigurationPlatforms) = preSolution
		Debug|Any CPU = Debug|Any CPU
		Release|Any CPU = Release|Any CPU
	EndGlobalSection
	GlobalSection(ProjectConfigurationPlatforms) = postSolution
		{8AFF3110-A2A9-4F97-BD09-C54CF4B39F8E}.Debug|Any CPU.ActiveCfg = Debug|Any CPU
		{8AFF3110-A2A9-4F97-BD09-C54CF4B39F8E}.Debug|Any CPU.Build.0 = Debug|Any CPU
		{8AFF3110-A2A9-4F97-BD09-C54CF4B39F8E}.Release|Any CPU.ActiveCfg = Release|Any CPU
		{8AFF3110-A2A9-4F97-BD09-C54CF4B39F8E}.Release|Any CPU.Build.0 = Release|Any CPU
	EndGlobalSection
	GlobalSection(SolutionProperties) = preSolution
		HideSolutionNode = FALSE
	EndGlobalSection
	GlobalSection(ExtensibilityGlobals) = postSolution
		SolutionGuid = {F4BB4064-9D67-4C99-8652-A16BFEC350F0}
	EndGlobalSection
EndGlobal
