
Microsoft Visual Studio Solution File, Format Version 12.00
# Visual Studio Version 17
VisualStudioVersion = 17.5.33627.172
MinimumVisualStudioVersion = 10.0.40219.1
Project("{FAE04EC0-301F-11D3-BF4B-00C04F79EFBC}") = "Overloading", "Overloading.csproj", "{0D52C52A-0036-488B-BE8B-D1E864298ECD}"
EndProject
Global
	GlobalSection(SolutionConfigurationPlatforms) = preSolution
		Debug|Any CPU = Debug|Any CPU
		Release|Any CPU = Release|Any CPU
	EndGlobalSection
	GlobalSection(ProjectConfigurationPlatforms) = postSolution
		{0D52C52A-0036-488B-BE8B-D1E864298ECD}.Debug|Any CPU.ActiveCfg = Debug|Any CPU
		{0D52C52A-0036-488B-BE8B-D1E864298ECD}.Debug|Any CPU.Build.0 = Debug|Any CPU
		{0D52C52A-0036-488B-BE8B-D1E864298ECD}.Release|Any CPU.ActiveCfg = Release|Any CPU
		{0D52C52A-0036-488B-BE8B-D1E864298ECD}.Release|Any CPU.Build.0 = Release|Any CPU
	EndGlobalSection
	GlobalSection(SolutionProperties) = preSolution
		HideSolutionNode = FALSE
	EndGlobalSection
	GlobalSection(ExtensibilityGlobals) = postSolution
		SolutionGuid = {ECFE4BE6-60D6-479D-994B-1293FC244A7C}
	EndGlobalSection
EndGlobal
